
Microsoft Visual Studio Solution File, Format Version 12.00
# Visual Studio Version 17
VisualStudioVersion = 17.14.36327.8 d17.14
MinimumVisualStudioVersion = 10.0.40219.1
Project("{FAE04EC0-301F-11D3-BF4B-00C04F79EFBC}") = "repaso1", "repaso1.csproj", "{563A1668-A59D-4542-B45D-F2D045663CF3}"
EndProject
Global
	GlobalSection(SolutionConfigurationPlatforms) = preSolution
		Debug|Any CPU = Debug|Any CPU
		Release|Any CPU = Release|Any CPU
	EndGlobalSection
	GlobalSection(ProjectConfigurationPlatforms) = postSolution
		{563A1668-A59D-4542-B45D-F2D045663CF3}.Debug|Any CPU.ActiveCfg = Debug|Any CPU
		{563A1668-A59D-4542-B45D-F2D045663CF3}.Debug|Any CPU.Build.0 = Debug|Any CPU
		{563A1668-A59D-4542-B45D-F2D045663CF3}.Release|Any CPU.ActiveCfg = Release|Any CPU
		{563A1668-A59D-4542-B45D-F2D045663CF3}.Release|Any CPU.Build.0 = Release|Any CPU
	EndGlobalSection
	GlobalSection(SolutionProperties) = preSolution
		HideSolutionNode = FALSE
	EndGlobalSection
	GlobalSection(ExtensibilityGlobals) = postSolution
		SolutionGuid = {9BEE8E12-4C40-4081-975A-B4672D5D336F}
	EndGlobalSection
EndGlobal
